
Microsoft Visual Studio Solution File, Format Version 12.00
# Visual Studio 15
VisualStudioVersion = 15.0.28307.539
MinimumVisualStudioVersion = 10.0.40219.1
Project("{FAE04EC0-301F-11D3-BF4B-00C04F79EFBC}") = "ASP.Net_TP", "ASP.Net_TP\ASP.Net_TP.csproj", "{0D163D21-AE01-493F-9CD2-C901032F21FD}"
EndProject
Global
	GlobalSection(SolutionConfigurationPlatforms) = preSolution
		Debug|Any CPU = Debug|Any CPU
		Release|Any CPU = Release|Any CPU
	EndGlobalSection
	GlobalSection(ProjectConfigurationPlatforms) = postSolution
		{0D163D21-AE01-493F-9CD2-C901032F21FD}.Debug|Any CPU.ActiveCfg = Debug|Any CPU
		{0D163D21-AE01-493F-9CD2-C901032F21FD}.Debug|Any CPU.Build.0 = Debug|Any CPU
		{0D163D21-AE01-493F-9CD2-C901032F21FD}.Release|Any CPU.ActiveCfg = Release|Any CPU
		{0D163D21-AE01-493F-9CD2-C901032F21FD}.Release|Any CPU.Build.0 = Release|Any CPU
	EndGlobalSection
	GlobalSection(SolutionProperties) = preSolution
		HideSolutionNode = FALSE
	EndGlobalSection
	GlobalSection(ExtensibilityGlobals) = postSolution
		SolutionGuid = {CC6A593A-B3C9-4D2D-BEF5-59293EA00E61}
	EndGlobalSection
EndGlobal
